
Microsoft Visual Studio Solution File, Format Version 12.00
# Visual Studio Version 17
VisualStudioVersion = 17.11.35208.52
MinimumVisualStudioVersion = 10.0.40219.1
Project("{FAE04EC0-301F-11D3-BF4B-00C04F79EFBC}") = "LogicaNegocio", "LogicaNegocio\LogicaNegocio.csproj", "{FB7C5330-30CF-4DB4-96BD-990DCE46A53C}"
EndProject
Project("{FAE04EC0-301F-11D3-BF4B-00C04F79EFBC}") = "InterfazUsuario", "InterfazUsuario\InterfazUsuario.csproj", "{E3857960-4416-4D95-9E09-C22A450FB173}"
	ProjectSection(ProjectDependencies) = postProject
		{FB7C5330-30CF-4DB4-96BD-990DCE46A53C} = {FB7C5330-30CF-4DB4-96BD-990DCE46A53C}
	EndProjectSection
EndProject
Global
	GlobalSection(SolutionConfigurationPlatforms) = preSolution
		Debug|Any CPU = Debug|Any CPU
		Release|Any CPU = Release|Any CPU
	EndGlobalSection
	GlobalSection(ProjectConfigurationPlatforms) = postSolution
		{FB7C5330-30CF-4DB4-96BD-990DCE46A53C}.Debug|Any CPU.ActiveCfg = Debug|Any CPU
		{FB7C5330-30CF-4DB4-96BD-990DCE46A53C}.Debug|Any CPU.Build.0 = Debug|Any CPU
		{FB7C5330-30CF-4DB4-96BD-990DCE46A53C}.Release|Any CPU.ActiveCfg = Release|Any CPU
		{FB7C5330-30CF-4DB4-96BD-990DCE46A53C}.Release|Any CPU.Build.0 = Release|Any CPU
		{E3857960-4416-4D95-9E09-C22A450FB173}.Debug|Any CPU.ActiveCfg = Debug|Any CPU
		{E3857960-4416-4D95-9E09-C22A450FB173}.Debug|Any CPU.Build.0 = Debug|Any CPU
		{E3857960-4416-4D95-9E09-C22A450FB173}.Release|Any CPU.ActiveCfg = Release|Any CPU
		{E3857960-4416-4D95-9E09-C22A450FB173}.Release|Any CPU.Build.0 = Release|Any CPU
	EndGlobalSection
	GlobalSection(SolutionProperties) = preSolution
		HideSolutionNode = FALSE
	EndGlobalSection
	GlobalSection(ExtensibilityGlobals) = postSolution
		SolutionGuid = {38577411-1324-454E-847C-D91FBA4CC8ED}
	EndGlobalSection
EndGlobal
